
Microsoft Visual Studio Solution File, Format Version 12.00
# Visual Studio Version 16
VisualStudioVersion = 16.0.32630.194
MinimumVisualStudioVersion = 10.0.40219.1
Project("{FAE04EC0-301F-11D3-BF4B-00C04F79EFBC}") = "Abstract_Classes_Assignment", "Abstract_Classes_Assignment\Abstract_Classes_Assignment.csproj", "{50FD7540-80F5-4203-8F1C-DF6E17EACDC5}"
EndProject
Global
	GlobalSection(SolutionConfigurationPlatforms) = preSolution
		Debug|Any CPU = Debug|Any CPU
		Release|Any CPU = Release|Any CPU
	EndGlobalSection
	GlobalSection(ProjectConfigurationPlatforms) = postSolution
		{50FD7540-80F5-4203-8F1C-DF6E17EACDC5}.Debug|Any CPU.ActiveCfg = Debug|Any CPU
		{50FD7540-80F5-4203-8F1C-DF6E17EACDC5}.Debug|Any CPU.Build.0 = Debug|Any CPU
		{50FD7540-80F5-4203-8F1C-DF6E17EACDC5}.Release|Any CPU.ActiveCfg = Release|Any CPU
		{50FD7540-80F5-4203-8F1C-DF6E17EACDC5}.Release|Any CPU.Build.0 = Release|Any CPU
	EndGlobalSection
	GlobalSection(SolutionProperties) = preSolution
		HideSolutionNode = FALSE
	EndGlobalSection
	GlobalSection(ExtensibilityGlobals) = postSolution
		SolutionGuid = {73378711-2762-4221-AF5B-4AD38C60FF42}
	EndGlobalSection
EndGlobal
